
Microsoft Visual Studio Solution File, Format Version 12.00
# Visual Studio Version 17
VisualStudioVersion = 17.7.34202.233
MinimumVisualStudioVersion = 10.0.40219.1
Project("{FAE04EC0-301F-11D3-BF4B-00C04F79EFBC}") = "ResourceOwnerCredentialsExample", "ResourceOwnerCredentialsExample\ResourceOwnerCredentialsExample.csproj", "{79D83CE2-787A-4A7D-AC4C-113541BBC32D}"
EndProject
Project("{FAE04EC0-301F-11D3-BF4B-00C04F79EFBC}") = "ResourceOwnerCredentials.API", "ResourceOwnerCredentials.API\ResourceOwnerCredentials.API.csproj", "{C9E2A3FA-7CFF-4406-BA00-C77DA95D8064}"
EndProject
Global
	GlobalSection(SolutionConfigurationPlatforms) = preSolution
		Debug|Any CPU = Debug|Any CPU
		Release|Any CPU = Release|Any CPU
	EndGlobalSection
	GlobalSection(ProjectConfigurationPlatforms) = postSolution
		{79D83CE2-787A-4A7D-AC4C-113541BBC32D}.Debug|Any CPU.ActiveCfg = Debug|Any CPU
		{79D83CE2-787A-4A7D-AC4C-113541BBC32D}.Debug|Any CPU.Build.0 = Debug|Any CPU
		{79D83CE2-787A-4A7D-AC4C-113541BBC32D}.Release|Any CPU.ActiveCfg = Release|Any CPU
		{79D83CE2-787A-4A7D-AC4C-113541BBC32D}.Release|Any CPU.Build.0 = Release|Any CPU
		{C9E2A3FA-7CFF-4406-BA00-C77DA95D8064}.Debug|Any CPU.ActiveCfg = Debug|Any CPU
		{C9E2A3FA-7CFF-4406-BA00-C77DA95D8064}.Debug|Any CPU.Build.0 = Debug|Any CPU
		{C9E2A3FA-7CFF-4406-BA00-C77DA95D8064}.Release|Any CPU.ActiveCfg = Release|Any CPU
		{C9E2A3FA-7CFF-4406-BA00-C77DA95D8064}.Release|Any CPU.Build.0 = Release|Any CPU
	EndGlobalSection
	GlobalSection(SolutionProperties) = preSolution
		HideSolutionNode = FALSE
	EndGlobalSection
	GlobalSection(ExtensibilityGlobals) = postSolution
		SolutionGuid = {7AFE5B18-09EB-4603-84EA-C30985682042}
	EndGlobalSection
EndGlobal
